
Microsoft Visual Studio Solution File, Format Version 12.00
# Visual Studio Version 16
VisualStudioVersion = 16.0.30611.23
MinimumVisualStudioVersion = 10.0.40219.1
Project("{9A19103F-16F7-4668-BE54-9A1E7A4F7556}") = "FilesWebDepot", "FilesWebDepot\FilesWebDepot.csproj", "{31E54E6F-E647-49D3-8990-6FBDC49854FD}"
EndProject
Project("{9A19103F-16F7-4668-BE54-9A1E7A4F7556}") = "FilesWebDepot.Tests", "FilesWebDepot.Tests\FilesWebDepot.Tests.csproj", "{45240C1A-65A1-408D-B7EE-7CF2F1727B03}"
EndProject
Global
	GlobalSection(SolutionConfigurationPlatforms) = preSolution
		Debug|Any CPU = Debug|Any CPU
		Release|Any CPU = Release|Any CPU
	EndGlobalSection
	GlobalSection(ProjectConfigurationPlatforms) = postSolution
		{31E54E6F-E647-49D3-8990-6FBDC49854FD}.Debug|Any CPU.ActiveCfg = Debug|Any CPU
		{31E54E6F-E647-49D3-8990-6FBDC49854FD}.Debug|Any CPU.Build.0 = Debug|Any CPU
		{31E54E6F-E647-49D3-8990-6FBDC49854FD}.Release|Any CPU.ActiveCfg = Release|Any CPU
		{31E54E6F-E647-49D3-8990-6FBDC49854FD}.Release|Any CPU.Build.0 = Release|Any CPU
		{45240C1A-65A1-408D-B7EE-7CF2F1727B03}.Debug|Any CPU.ActiveCfg = Debug|Any CPU
		{45240C1A-65A1-408D-B7EE-7CF2F1727B03}.Debug|Any CPU.Build.0 = Debug|Any CPU
		{45240C1A-65A1-408D-B7EE-7CF2F1727B03}.Release|Any CPU.ActiveCfg = Release|Any CPU
		{45240C1A-65A1-408D-B7EE-7CF2F1727B03}.Release|Any CPU.Build.0 = Release|Any CPU
	EndGlobalSection
	GlobalSection(SolutionProperties) = preSolution
		HideSolutionNode = FALSE
	EndGlobalSection
	GlobalSection(ExtensibilityGlobals) = postSolution
		SolutionGuid = {DE0B97B7-EDD8-4CAE-BFFA-AA0A61116692}
	EndGlobalSection
EndGlobal
